
Microsoft Visual Studio Solution File, Format Version 12.00
# Visual Studio Version 17
VisualStudioVersion = 17.11.35303.130
MinimumVisualStudioVersion = 10.0.40219.1
Project("{9A19103F-16F7-4668-BE54-9A1E7A4F7556}") = "PassCrack", "PassCrack.csproj", "{67A91BC9-7F0E-4331-A792-BF6F664DA185}"
EndProject
Global
	GlobalSection(SolutionConfigurationPlatforms) = preSolution
		Debug|Any CPU = Debug|Any CPU
		Release|Any CPU = Release|Any CPU
	EndGlobalSection
	GlobalSection(ProjectConfigurationPlatforms) = postSolution
		{67A91BC9-7F0E-4331-A792-BF6F664DA185}.Debug|Any CPU.ActiveCfg = Debug|Any CPU
		{67A91BC9-7F0E-4331-A792-BF6F664DA185}.Debug|Any CPU.Build.0 = Debug|Any CPU
		{67A91BC9-7F0E-4331-A792-BF6F664DA185}.Release|Any CPU.ActiveCfg = Release|Any CPU
		{67A91BC9-7F0E-4331-A792-BF6F664DA185}.Release|Any CPU.Build.0 = Release|Any CPU
	EndGlobalSection
	GlobalSection(SolutionProperties) = preSolution
		HideSolutionNode = FALSE
	EndGlobalSection
	GlobalSection(ExtensibilityGlobals) = postSolution
		SolutionGuid = {ECBFD6AE-C15E-47CC-BE27-AF9F7C577C64}
	EndGlobalSection
EndGlobal
